
Microsoft Visual Studio Solution File, Format Version 12.00
Project("{FAE04EC0-301F-11D3-BF4B-00C04F79EFBC}") = "PuzzleRunnerConsole", "PuzzleRunnerConsole\PuzzleRunnerConsole.csproj", "{3D9725E0-565C-47AA-BFEC-9A83F9B60E17}"
EndProject
Global
	GlobalSection(SolutionConfigurationPlatforms) = preSolution
		Debug|Any CPU = Debug|Any CPU
		Release|Any CPU = Release|Any CPU
	EndGlobalSection
	GlobalSection(ProjectConfigurationPlatforms) = postSolution
		{3D9725E0-565C-47AA-BFEC-9A83F9B60E17}.Debug|Any CPU.ActiveCfg = Debug|Any CPU
		{3D9725E0-565C-47AA-BFEC-9A83F9B60E17}.Debug|Any CPU.Build.0 = Debug|Any CPU
		{3D9725E0-565C-47AA-BFEC-9A83F9B60E17}.Release|Any CPU.ActiveCfg = Release|Any CPU
		{3D9725E0-565C-47AA-BFEC-9A83F9B60E17}.Release|Any CPU.Build.0 = Release|Any CPU
	EndGlobalSection
EndGlobal
